<?xml version="1.0" encoding="utf-8"?>
<Project ToolsVersion="4.0" xmlns="http://schemas.microsoft.com/developer/msbuild/2003">
  <ItemGroup>
    <Filter Include="Source Files">
      <UniqueIdentifier>{4FC737F1-C7A5-4376-A066-2A32D752A2FF}</UniqueIdentifier>
      <Extensions>cpp;c;cc;cxx;def;odl;idl;hpj;bat;asm;asmx</Extensions>
    </Filter>
    <Filter Include="Header Files">
      <UniqueIdentifier>{93995380-89BD-4b04-88EB-625FBE52EBFB}</UniqueIdentifier>
      <Extensions>h;hh;hpp;hxx;hm;inl;inc;xsd</Extensions>
    </Filter>
    <Filter Include="Resource Files">
      <UniqueIdentifier>{67DA6AB6-F800-4c08-8B7A-83BB121AAD01}</UniqueIdentifier>
      <Extensions>rc;ico;cur;bmp;dlg;rc2;rct;bin;rgs;gif;jpg;jpeg;jpe;resx;tiff;tif;png;wav;mfcribbon-ms</Extensions>
    </Filter>
    <Filter Include="Header Files\Events">
      <UniqueIdentifier>{ac498217-c6a2-4052-b544-0912b37c4730}</UniqueIdentifier>
    </Filter>
    <Filter Include="Header Files\CentipedeGame">
      <UniqueIdentifier>{a599f0cb-c5ad-4cf0-a3c2-7f1f8a622251}</UniqueIdentifier>
    </Filter>
    <Filter Include="Source Files\CentipedeGame">
      <UniqueIdentifier>{1fea7c9f-3f5b-48e5-8770-6491ed2f0249}</UniqueIdentifier>
    </Filter>
  </ItemGroup>
  <ItemGroup>
    <ClCompile Include="main.cpp">
      <Filter>Source Files</Filter>
    </ClCompile>
    <ClCompile Include="Game.cpp">
      <Filter>Source Files</Filter>
    </ClCompile>
    <ClCompile Include="Unit.cpp">
      <Filter>Source Files</Filter>
    </ClCompile>
    <ClCompile Include="Animation.cpp">
      <Filter>Source Files</Filter>
    </ClCompile>
    <ClCompile Include="UnitManager.cpp">
      <Filter>Source Files</Filter>
    </ClCompile>
    <ClCompile Include="GBufferManager.cpp">
      <Filter>Source Files</Filter>
    </ClCompile>
    <ClCompile Include="InputTranslator.cpp">
      <Filter>Source Files</Filter>
    </ClCompile>
    <ClCompile Include="Centipede.cpp">
      <Filter>Source Files\CentipedeGame</Filter>
    </ClCompile>
    <ClCompile Include="FileReader.cpp">
      <Filter>Source Files\CentipedeGame</Filter>
    </ClCompile>
    <ClCompile Include="Player.cpp">
      <Filter>Source Files\CentipedeGame</Filter>
    </ClCompile>
    <ClCompile Include="HUD.cpp">
      <Filter>Source Files\CentipedeGame</Filter>
    </ClCompile>
    <ClCompile Include="Mushroom.cpp">
      <Filter>Source Files\CentipedeGame</Filter>
    </ClCompile>
    <ClCompile Include="Projectile.cpp">
      <Filter>Source Files\CentipedeGame</Filter>
    </ClCompile>
  </ItemGroup>
  <ItemGroup>
    <ClInclude Include="Animation.h">
      <Filter>Header Files</Filter>
    </ClInclude>
    <ClInclude Include="Unit.h">
      <Filter>Header Files</Filter>
    </ClInclude>
    <ClInclude Include="Game.h">
      <Filter>Header Files</Filter>
    </ClInclude>
    <ClInclude Include="GBufferManager.h">
      <Filter>Header Files</Filter>
    </ClInclude>
    <ClInclude Include="UnitManager.h">
      <Filter>Header Files</Filter>
    </ClInclude>
    <ClInclude Include="InputTranslator.h">
      <Filter>Header Files</Filter>
    </ClInclude>
    <ClInclude Include="CreateUnit.h">
      <Filter>Header Files\Events</Filter>
    </ClInclude>
    <ClInclude Include="DeleteUnit.h">
      <Filter>Header Files\Events</Filter>
    </ClInclude>
    <ClInclude Include="ExitGame.h">
      <Filter>Header Files\Events</Filter>
    </ClInclude>
    <ClInclude Include="GameEvent.h">
      <Filter>Header Files\Events</Filter>
    </ClInclude>
    <ClInclude Include="SwitchHead.h">
      <Filter>Header Files\Events</Filter>
    </ClInclude>
    <ClInclude Include="StopAnim.h">
      <Filter>Header Files\Events</Filter>
    </ClInclude>
    <ClInclude Include="Centipede.h">
      <Filter>Header Files\CentipedeGame</Filter>
    </ClInclude>
    <ClInclude Include="FileReader.h">
      <Filter>Header Files\CentipedeGame</Filter>
    </ClInclude>
    <ClInclude Include="Player.h">
      <Filter>Header Files\CentipedeGame</Filter>
    </ClInclude>
    <ClInclude Include="HUD.h">
      <Filter>Header Files\CentipedeGame</Filter>
    </ClInclude>
    <ClInclude Include="Mushroom.h">
      <Filter>Header Files\CentipedeGame</Filter>
    </ClInclude>
    <ClInclude Include="Projectile.h">
      <Filter>Header Files\CentipedeGame</Filter>
    </ClInclude>
  </ItemGroup>
</Project>