<?xml version="1.0" encoding="utf-8"?>
<Project ToolsVersion="4.0" xmlns="http://schemas.microsoft.com/developer/msbuild/2003">
  <ItemGroup>
    <Filter Include="Header Files">
      <UniqueIdentifier>{5aee8ee1-5f66-4676-bb2c-d0dcfe834e47}</UniqueIdentifier>
    </Filter>
    <Filter Include="Source Files">
      <UniqueIdentifier>{27ceb30c-23b1-4e47-98af-9f5e141e7237}</UniqueIdentifier>
    </Filter>
    <Filter Include="Source Files\Events">
      <UniqueIdentifier>{60da2e12-bf19-466c-b5d1-efad25a1d7fc}</UniqueIdentifier>
    </Filter>
    <Filter Include="Header Files\EventHeaders">
      <UniqueIdentifier>{f1c85403-34a3-4fd0-a3ac-f3745f59b9b0}</UniqueIdentifier>
    </Filter>
  </ItemGroup>
  <ItemGroup>
    <ClCompile Include="main.cpp">
      <Filter>Source Files</Filter>
    </ClCompile>
    <ClCompile Include="Game.cpp">
      <Filter>Source Files</Filter>
    </ClCompile>
    <ClCompile Include="Animation.cpp">
      <Filter>Source Files</Filter>
    </ClCompile>
    <ClCompile Include="Unit.cpp">
      <Filter>Source Files</Filter>
    </ClCompile>
    <ClCompile Include="UnitManager.cpp">
      <Filter>Source Files</Filter>
    </ClCompile>
    <ClCompile Include="GraphicsBufferManager.cpp">
      <Filter>Source Files</Filter>
    </ClCompile>
    <ClCompile Include="InputTranslator.cpp">
      <Filter>Source Files</Filter>
    </ClCompile>
    <ClCompile Include="SnakeUnit.cpp">
      <Filter>Source Files</Filter>
    </ClCompile>
    <ClCompile Include="LevelCreation.cpp">
      <Filter>Source Files</Filter>
    </ClCompile>
    <ClCompile Include="ChangeDirectionEvent.cpp">
      <Filter>Source Files\Events</Filter>
    </ClCompile>
    <ClCompile Include="CreateUnitEvent.cpp">
      <Filter>Source Files\Events</Filter>
    </ClCompile>
    <ClCompile Include="DeleteUnitEvent.cpp">
      <Filter>Source Files\Events</Filter>
    </ClCompile>
    <ClCompile Include="ExitGameEvent.cpp">
      <Filter>Source Files\Events</Filter>
    </ClCompile>
    <ClCompile Include="SwapAnimationEvent.cpp">
      <Filter>Source Files\Events</Filter>
    </ClCompile>
    <ClCompile Include="ToggleAnimationActiveEvent.cpp">
      <Filter>Source Files\Events</Filter>
    </ClCompile>
    <ClCompile Include="StartGameEvent.cpp">
      <Filter>Source Files\Events</Filter>
    </ClCompile>
    <ClCompile Include="RestartEvent.cpp">
      <Filter>Source Files\Events</Filter>
    </ClCompile>
    <ClCompile Include="LevelCompleteEvent.cpp">
      <Filter>Source Files\Events</Filter>
    </ClCompile>
    <ClCompile Include="LevelOutline.cpp">
      <Filter>Source Files</Filter>
    </ClCompile>
    <ClCompile Include="EndLevel.cpp">
      <Filter>Source Files</Filter>
    </ClCompile>
    <ClCompile Include="StartLevel.cpp">
      <Filter>Source Files</Filter>
    </ClCompile>
    <ClCompile Include="LevelManager.cpp">
      <Filter>Source Files</Filter>
    </ClCompile>
  </ItemGroup>
  <ItemGroup>
    <ClInclude Include="Game.h">
      <Filter>Header Files</Filter>
    </ClInclude>
    <ClInclude Include="Animation.h">
      <Filter>Header Files</Filter>
    </ClInclude>
    <ClInclude Include="Unit.h">
      <Filter>Header Files</Filter>
    </ClInclude>
    <ClInclude Include="UnitManager.h">
      <Filter>Header Files</Filter>
    </ClInclude>
    <ClInclude Include="GraphicsBufferManager.h">
      <Filter>Header Files</Filter>
    </ClInclude>
    <ClInclude Include="InputTranslator.h">
      <Filter>Header Files</Filter>
    </ClInclude>
    <ClInclude Include="GameEvents.h">
      <Filter>Header Files</Filter>
    </ClInclude>
    <ClInclude Include="SnakeUnit.h">
      <Filter>Header Files</Filter>
    </ClInclude>
    <ClInclude Include="LevelCreation.h">
      <Filter>Header Files</Filter>
    </ClInclude>
    <ClInclude Include="ChangeDirectionEvent.h">
      <Filter>Header Files\EventHeaders</Filter>
    </ClInclude>
    <ClInclude Include="CreateUnitEvent.h">
      <Filter>Header Files\EventHeaders</Filter>
    </ClInclude>
    <ClInclude Include="DeleteUnitEvent.h">
      <Filter>Header Files\EventHeaders</Filter>
    </ClInclude>
    <ClInclude Include="ExitGameEvent.h">
      <Filter>Header Files\EventHeaders</Filter>
    </ClInclude>
    <ClInclude Include="SwapAnimationEvent.h">
      <Filter>Header Files\EventHeaders</Filter>
    </ClInclude>
    <ClInclude Include="ToggleAnimationActiveEvent.h">
      <Filter>Header Files\EventHeaders</Filter>
    </ClInclude>
    <ClInclude Include="TileTypes.h">
      <Filter>Header Files</Filter>
    </ClInclude>
    <ClInclude Include="StartGameEvent.h">
      <Filter>Header Files\EventHeaders</Filter>
    </ClInclude>
    <ClInclude Include="RestartEvent.h">
      <Filter>Header Files\EventHeaders</Filter>
    </ClInclude>
    <ClInclude Include="LevelCompleteEvent.h">
      <Filter>Header Files\EventHeaders</Filter>
    </ClInclude>
    <ClInclude Include="LevelOutline.h">
      <Filter>Header Files</Filter>
    </ClInclude>
    <ClInclude Include="EndLevel.h">
      <Filter>Header Files</Filter>
    </ClInclude>
    <ClInclude Include="StartLevel.h">
      <Filter>Header Files</Filter>
    </ClInclude>
    <ClInclude Include="LevelManager.h">
      <Filter>Header Files</Filter>
    </ClInclude>
  </ItemGroup>
  <ItemGroup>
    <Text Include="Notes.txt">
      <Filter>Source Files</Filter>
    </Text>
    <Text Include="Level1.txt">
      <Filter>Source Files</Filter>
    </Text>
    <Text Include="Level2.txt">
      <Filter>Source Files</Filter>
    </Text>
    <Text Include="Level3.txt">
      <Filter>Source Files</Filter>
    </Text>
  </ItemGroup>
</Project>