<?xml version="1.0" encoding="utf-8"?>
<Project ToolsVersion="4.0" xmlns="http://schemas.microsoft.com/developer/msbuild/2003">
  <ItemGroup>
    <Filter Include="Source Files">
      <UniqueIdentifier>{4FC737F1-C7A5-4376-A066-2A32D752A2FF}</UniqueIdentifier>
      <Extensions>cpp;c;cc;cxx;def;odl;idl;hpj;bat;asm;asmx</Extensions>
    </Filter>
    <Filter Include="Header Files">
      <UniqueIdentifier>{93995380-89BD-4b04-88EB-625FBE52EBFB}</UniqueIdentifier>
      <Extensions>h;hh;hpp;hxx;hm;inl;inc;xsd</Extensions>
    </Filter>
    <Filter Include="Resource Files">
      <UniqueIdentifier>{67DA6AB6-F800-4c08-8B7A-83BB121AAD01}</UniqueIdentifier>
      <Extensions>rc;ico;cur;bmp;dlg;rc2;rct;bin;rgs;gif;jpg;jpeg;jpe;resx;tiff;tif;png;wav;mfcribbon-ms</Extensions>
    </Filter>
    <Filter Include="Event Header">
      <UniqueIdentifier>{e116698e-d47e-4f5d-84a8-8b58b20e0e34}</UniqueIdentifier>
    </Filter>
    <Filter Include="Event Source">
      <UniqueIdentifier>{1462668c-96a5-4af8-88f2-a2cfadab591f}</UniqueIdentifier>
    </Filter>
  </ItemGroup>
  <ItemGroup>
    <ClCompile Include="main.cpp">
      <Filter>Source Files</Filter>
    </ClCompile>
    <ClCompile Include="Game.cpp">
      <Filter>Source Files</Filter>
    </ClCompile>
    <ClCompile Include="UnitManager.cpp">
      <Filter>Source Files</Filter>
    </ClCompile>
    <ClCompile Include="GraphicsLib\Unit.cpp">
      <Filter>Source Files</Filter>
    </ClCompile>
    <ClCompile Include="GraphicsBufferManager.cpp">
      <Filter>Source Files</Filter>
    </ClCompile>
    <ClCompile Include="InputTranslator.cpp">
      <Filter>Source Files</Filter>
    </ClCompile>
    <ClCompile Include="EventSystem.cpp">
      <Filter>Event Source</Filter>
    </ClCompile>
    <ClCompile Include="Event.cpp">
      <Filter>Event Source</Filter>
    </ClCompile>
    <ClCompile Include="EventListener.cpp">
      <Filter>Event Source</Filter>
    </ClCompile>
    <ClCompile Include="MouseEvent.cpp">
      <Filter>Event Source</Filter>
    </ClCompile>
    <ClCompile Include="KeyEvent.cpp">
      <Filter>Event Source</Filter>
    </ClCompile>
    <ClCompile Include="GameKeyEvent.cpp">
      <Filter>Event Source</Filter>
    </ClCompile>
    <ClCompile Include="GameMouseEvent.cpp">
      <Filter>Event Source</Filter>
    </ClCompile>
  </ItemGroup>
  <ItemGroup>
    <ClInclude Include="Game.h">
      <Filter>Header Files</Filter>
    </ClInclude>
    <ClInclude Include="UnitManager.h">
      <Filter>Header Files</Filter>
    </ClInclude>
    <ClInclude Include="GraphicsLib\Unit.h">
      <Filter>Header Files</Filter>
    </ClInclude>
    <ClInclude Include="GraphicsBufferManager.h">
      <Filter>Header Files</Filter>
    </ClInclude>
    <ClInclude Include="InputTranslator.h">
      <Filter>Header Files</Filter>
    </ClInclude>
    <ClInclude Include="EventSystem.h">
      <Filter>Event Header</Filter>
    </ClInclude>
    <ClInclude Include="Event.h">
      <Filter>Event Header</Filter>
    </ClInclude>
    <ClInclude Include="EventListener.h">
      <Filter>Event Header</Filter>
    </ClInclude>
    <ClInclude Include="MouseEvent.h">
      <Filter>Event Header</Filter>
    </ClInclude>
    <ClInclude Include="KeyEvent.h">
      <Filter>Event Header</Filter>
    </ClInclude>
    <ClInclude Include="GameKeyEvent.h">
      <Filter>Event Header</Filter>
    </ClInclude>
    <ClInclude Include="GameMouseEvent.h">
      <Filter>Event Header</Filter>
    </ClInclude>
  </ItemGroup>
</Project>